
Microsoft Visual Studio Solution File, Format Version 12.00
# Visual Studio 15
VisualStudioVersion = 15.0.28010.2016
MinimumVisualStudioVersion = 10.0.40219.1
Project("{9A19103F-16F7-4668-BE54-9A1E7A4F7556}") = "XamarinSDC", "XamarinSDC\XamarinSDC.csproj", "{8D19E9FD-2E82-430D-9640-6655B9ECEE83}"
EndProject
Project("{9A19103F-16F7-4668-BE54-9A1E7A4F7556}") = "XamarinSDC.Tizen", "XamarinSDC.Tizen\XamarinSDC.Tizen.csproj", "{6E5FEDEF-7DBD-4E2B-B2BF-98A6AC0B3C22}"
EndProject
Project("{9A19103F-16F7-4668-BE54-9A1E7A4F7556}") = "Tizen.TV.UIControls.Forms", "..\..\src\Tizen.TV.UIControls.Forms\Tizen.TV.UIControls.Forms.csproj", "{9EE9351A-ACDB-45D3-9C6A-EA79AED1B078}"
EndProject
Global
	GlobalSection(SolutionConfigurationPlatforms) = preSolution
		Debug|Any CPU = Debug|Any CPU
		Release|Any CPU = Release|Any CPU
	EndGlobalSection
	GlobalSection(ProjectConfigurationPlatforms) = postSolution
		{8D19E9FD-2E82-430D-9640-6655B9ECEE83}.Debug|Any CPU.ActiveCfg = Debug|Any CPU
		{8D19E9FD-2E82-430D-9640-6655B9ECEE83}.Debug|Any CPU.Build.0 = Debug|Any CPU
		{8D19E9FD-2E82-430D-9640-6655B9ECEE83}.Release|Any CPU.ActiveCfg = Release|Any CPU
		{8D19E9FD-2E82-430D-9640-6655B9ECEE83}.Release|Any CPU.Build.0 = Release|Any CPU
		{6E5FEDEF-7DBD-4E2B-B2BF-98A6AC0B3C22}.Debug|Any CPU.ActiveCfg = Debug|Any CPU
		{6E5FEDEF-7DBD-4E2B-B2BF-98A6AC0B3C22}.Debug|Any CPU.Build.0 = Debug|Any CPU
		{6E5FEDEF-7DBD-4E2B-B2BF-98A6AC0B3C22}.Release|Any CPU.ActiveCfg = Release|Any CPU
		{6E5FEDEF-7DBD-4E2B-B2BF-98A6AC0B3C22}.Release|Any CPU.Build.0 = Release|Any CPU
		{9EE9351A-ACDB-45D3-9C6A-EA79AED1B078}.Debug|Any CPU.ActiveCfg = Debug|Any CPU
		{9EE9351A-ACDB-45D3-9C6A-EA79AED1B078}.Debug|Any CPU.Build.0 = Debug|Any CPU
		{9EE9351A-ACDB-45D3-9C6A-EA79AED1B078}.Release|Any CPU.ActiveCfg = Release|Any CPU
		{9EE9351A-ACDB-45D3-9C6A-EA79AED1B078}.Release|Any CPU.Build.0 = Release|Any CPU
	EndGlobalSection
	GlobalSection(SolutionProperties) = preSolution
		HideSolutionNode = FALSE
	EndGlobalSection
	GlobalSection(ExtensibilityGlobals) = postSolution
		SolutionGuid = {B532DE97-0833-4061-899A-3D243FD9E2C8}
	EndGlobalSection
EndGlobal
